
Microsoft Visual Studio Solution File, Format Version 12.00
# Visual Studio Version 16
VisualStudioVersion = 16.0.30011.22
MinimumVisualStudioVersion = 15.0.26124.0
Project("{9A19103F-16F7-4668-BE54-9A1E7A4F7556}") = "BremuGb.Frontend", "Src\BremuGb.Frontend\BremuGb.Frontend.csproj", "{979C33F9-BCEC-4B6C-9A53-3C89A2EEC01E}"
EndProject
Project("{9A19103F-16F7-4668-BE54-9A1E7A4F7556}") = "BremuGb.Cpu", "Src\BremuGb.Lib\BremuGb.Cpu\BremuGb.Cpu.csproj", "{1BC0414A-E6F9-4A51-8788-A982560B47BF}"
EndProject
Project("{9A19103F-16F7-4668-BE54-9A1E7A4F7556}") = "BremuGb.Common", "Src\BremuGb.Lib\BremuGb.Common\BremuGb.Common.csproj", "{742CAFF7-4509-4DAB-AAFD-C5A837D370FA}"
EndProject
Project("{9A19103F-16F7-4668-BE54-9A1E7A4F7556}") = "BremuGb.Memory", "Src\BremuGb.Lib\BremuGb.Memory\BremuGb.Memory.csproj", "{44FE359E-4A15-484D-AE44-24832BB220D6}"
EndProject
Project("{9A19103F-16F7-4668-BE54-9A1E7A4F7556}") = "BremuGb.Video", "Src\BremuGb.Lib\BremuGb.Video\BremuGb.Video.csproj", "{99A5F497-EB7F-48EC-8D01-D6FBC17BFEFC}"
EndProject
Project("{9A19103F-16F7-4668-BE54-9A1E7A4F7556}") = "BremuGb.Audio", "Src\BremuGb.Lib\BremuGb.Audio\BremuGb.Audio.csproj", "{6A4B0698-68AE-4979-8984-439F1CBB1C67}"
EndProject
Project("{9A19103F-16F7-4668-BE54-9A1E7A4F7556}") = "BremuGb.Input", "Src\BremuGb.Lib\BremuGb.Input\BremuGb.Input.csproj", "{52F5138A-83C0-4E83-9E3C-E99527D82F6E}"
EndProject
Project("{9A19103F-16F7-4668-BE54-9A1E7A4F7556}") = "BremuGb.Cartridge", "Src\BremuGb.Lib\BremuGb.Cartridge\BremuGb.Cartridge.csproj", "{874FDFE5-CD35-4962-92CC-191E321BC17A}"
EndProject
Project("{2150E333-8FDC-42A3-9474-1A3956D46DE8}") = "Tests", "Tests", "{9FD9343C-A8A7-4602-8287-5DC34E5005D8}"
EndProject
Project("{9A19103F-16F7-4668-BE54-9A1E7A4F7556}") = "BremuGb.Cpu.Tests", "Tests\BremuGb.Cpu.Tests\BremuGb.Cpu.Tests.csproj", "{B134B345-FD78-4E85-9953-B54ADC684916}"
EndProject
Project("{9A19103F-16F7-4668-BE54-9A1E7A4F7556}") = "BremuGb.Timer", "Src\BremuGb.Lib\BremuGb.Timer\BremuGb.Timer.csproj", "{D61BFE7F-8C17-4B1D-9A55-EC02CC983C43}"
EndProject
Project("{2150E333-8FDC-42A3-9474-1A3956D46DE8}") = "Frontend", "Frontend", "{0D47978E-2E5A-4178-BB7C-78BC71A41847}"
EndProject
Project("{9A19103F-16F7-4668-BE54-9A1E7A4F7556}") = "BremuGb.GameBoy", "Src\BremuGb.Lib\BremuGb.GameBoy\BremuGb.GameBoy.csproj", "{6DAC63A9-7858-4176-B52D-2923760CE8E7}"
EndProject
Project("{9A19103F-16F7-4668-BE54-9A1E7A4F7556}") = "BremuGb.IntegrationTests", "Tests\BremuGb.IntegrationTests\BremuGb.IntegrationTests.csproj", "{C4CFB0C7-A9B6-4719-BAF2-494519718469}"
EndProject
Project("{9A19103F-16F7-4668-BE54-9A1E7A4F7556}") = "BremuGb.Cartridge.Tests", "Tests\BremuGb.Cartridge.Tests\BremuGb.Cartridge.Tests.csproj", "{8F4EDAC1-EFEB-41E2-9A6A-3ABDA29D0E06}"
EndProject
Global
	GlobalSection(SolutionConfigurationPlatforms) = preSolution
		Debug|Any CPU = Debug|Any CPU
		Debug|x64 = Debug|x64
		Debug|x86 = Debug|x86
		Release|Any CPU = Release|Any CPU
		Release|x64 = Release|x64
		Release|x86 = Release|x86
	EndGlobalSection
	GlobalSection(ProjectConfigurationPlatforms) = postSolution
		{979C33F9-BCEC-4B6C-9A53-3C89A2EEC01E}.Debug|Any CPU.ActiveCfg = Debug|Any CPU
		{979C33F9-BCEC-4B6C-9A53-3C89A2EEC01E}.Debug|Any CPU.Build.0 = Debug|Any CPU
		{979C33F9-BCEC-4B6C-9A53-3C89A2EEC01E}.Debug|x64.ActiveCfg = Debug|Any CPU
		{979C33F9-BCEC-4B6C-9A53-3C89A2EEC01E}.Debug|x64.Build.0 = Debug|Any CPU
		{979C33F9-BCEC-4B6C-9A53-3C89A2EEC01E}.Debug|x86.ActiveCfg = Debug|Any CPU
		{979C33F9-BCEC-4B6C-9A53-3C89A2EEC01E}.Debug|x86.Build.0 = Debug|Any CPU
		{979C33F9-BCEC-4B6C-9A53-3C89A2EEC01E}.Release|Any CPU.ActiveCfg = Release|Any CPU
		{979C33F9-BCEC-4B6C-9A53-3C89A2EEC01E}.Release|Any CPU.Build.0 = Release|Any CPU
		{979C33F9-BCEC-4B6C-9A53-3C89A2EEC01E}.Release|x64.ActiveCfg = Release|Any CPU
		{979C33F9-BCEC-4B6C-9A53-3C89A2EEC01E}.Release|x64.Build.0 = Release|Any CPU
		{979C33F9-BCEC-4B6C-9A53-3C89A2EEC01E}.Release|x86.ActiveCfg = Release|Any CPU
		{979C33F9-BCEC-4B6C-9A53-3C89A2EEC01E}.Release|x86.Build.0 = Release|Any CPU
		{1BC0414A-E6F9-4A51-8788-A982560B47BF}.Debug|Any CPU.ActiveCfg = Debug|Any CPU
		{1BC0414A-E6F9-4A51-8788-A982560B47BF}.Debug|Any CPU.Build.0 = Debug|Any CPU
		{1BC0414A-E6F9-4A51-8788-A982560B47BF}.Debug|x64.ActiveCfg = Debug|Any CPU
		{1BC0414A-E6F9-4A51-8788-A982560B47BF}.Debug|x64.Build.0 = Debug|Any CPU
		{1BC0414A-E6F9-4A51-8788-A982560B47BF}.Debug|x86.ActiveCfg = Debug|Any CPU
		{1BC0414A-E6F9-4A51-8788-A982560B47BF}.Debug|x86.Build.0 = Debug|Any CPU
		{1BC0414A-E6F9-4A51-8788-A982560B47BF}.Release|Any CPU.ActiveCfg = Release|Any CPU
		{1BC0414A-E6F9-4A51-8788-A982560B47BF}.Release|Any CPU.Build.0 = Release|Any CPU
		{1BC0414A-E6F9-4A51-8788-A982560B47BF}.Release|x64.ActiveCfg = Release|Any CPU
		{1BC0414A-E6F9-4A51-8788-A982560B47BF}.Release|x64.Build.0 = Release|Any CPU
		{1BC0414A-E6F9-4A51-8788-A982560B47BF}.Release|x86.ActiveCfg = Release|Any CPU
		{1BC0414A-E6F9-4A51-8788-A982560B47BF}.Release|x86.Build.0 = Release|Any CPU
		{742CAFF7-4509-4DAB-AAFD-C5A837D370FA}.Debug|Any CPU.ActiveCfg = Debug|Any CPU
		{742CAFF7-4509-4DAB-AAFD-C5A837D370FA}.Debug|Any CPU.Build.0 = Debug|Any CPU
		{742CAFF7-4509-4DAB-AAFD-C5A837D370FA}.Debug|x64.ActiveCfg = Debug|Any CPU
		{742CAFF7-4509-4DAB-AAFD-C5A837D370FA}.Debug|x64.Build.0 = Debug|Any CPU
		{742CAFF7-4509-4DAB-AAFD-C5A837D370FA}.Debug|x86.ActiveCfg = Debug|Any CPU
		{742CAFF7-4509-4DAB-AAFD-C5A837D370FA}.Debug|x86.Build.0 = Debug|Any CPU
		{742CAFF7-4509-4DAB-AAFD-C5A837D370FA}.Release|Any CPU.ActiveCfg = Release|Any CPU
		{742CAFF7-4509-4DAB-AAFD-C5A837D370FA}.Release|Any CPU.Build.0 = Release|Any CPU
		{742CAFF7-4509-4DAB-AAFD-C5A837D370FA}.Release|x64.ActiveCfg = Release|Any CPU
		{742CAFF7-4509-4DAB-AAFD-C5A837D370FA}.Release|x64.Build.0 = Release|Any CPU
		{742CAFF7-4509-4DAB-AAFD-C5A837D370FA}.Release|x86.ActiveCfg = Release|Any CPU
		{742CAFF7-4509-4DAB-AAFD-C5A837D370FA}.Release|x86.Build.0 = Release|Any CPU
		{44FE359E-4A15-484D-AE44-24832BB220D6}.Debug|Any CPU.ActiveCfg = Debug|Any CPU
		{44FE359E-4A15-484D-AE44-24832BB220D6}.Debug|Any CPU.Build.0 = Debug|Any CPU
		{44FE359E-4A15-484D-AE44-24832BB220D6}.Debug|x64.ActiveCfg = Debug|Any CPU
		{44FE359E-4A15-484D-AE44-24832BB220D6}.Debug|x64.Build.0 = Debug|Any CPU
		{44FE359E-4A15-484D-AE44-24832BB220D6}.Debug|x86.ActiveCfg = Debug|Any CPU
		{44FE359E-4A15-484D-AE44-24832BB220D6}.Debug|x86.Build.0 = Debug|Any CPU
		{44FE359E-4A15-484D-AE44-24832BB220D6}.Release|Any CPU.ActiveCfg = Release|Any CPU
		{44FE359E-4A15-484D-AE44-24832BB220D6}.Release|Any CPU.Build.0 = Release|Any CPU
		{44FE359E-4A15-484D-AE44-24832BB220D6}.Release|x64.ActiveCfg = Release|Any CPU
		{44FE359E-4A15-484D-AE44-24832BB220D6}.Release|x64.Build.0 = Release|Any CPU
		{44FE359E-4A15-484D-AE44-24832BB220D6}.Release|x86.ActiveCfg = Release|Any CPU
		{44FE359E-4A15-484D-AE44-24832BB220D6}.Release|x86.Build.0 = Release|Any CPU
		{99A5F497-EB7F-48EC-8D01-D6FBC17BFEFC}.Debug|Any CPU.ActiveCfg = Debug|Any CPU
		{99A5F497-EB7F-48EC-8D01-D6FBC17BFEFC}.Debug|Any CPU.Build.0 = Debug|Any CPU
		{99A5F497-EB7F-48EC-8D01-D6FBC17BFEFC}.Debug|x64.ActiveCfg = Debug|Any CPU
		{99A5F497-EB7F-48EC-8D01-D6FBC17BFEFC}.Debug|x64.Build.0 = Debug|Any CPU
		{99A5F497-EB7F-48EC-8D01-D6FBC17BFEFC}.Debug|x86.ActiveCfg = Debug|Any CPU
		{99A5F497-EB7F-48EC-8D01-D6FBC17BFEFC}.Debug|x86.Build.0 = Debug|Any CPU
		{99A5F497-EB7F-48EC-8D01-D6FBC17BFEFC}.Release|Any CPU.ActiveCfg = Release|Any CPU
		{99A5F497-EB7F-48EC-8D01-D6FBC17BFEFC}.Release|Any CPU.Build.0 = Release|Any CPU
		{99A5F497-EB7F-48EC-8D01-D6FBC17BFEFC}.Release|x64.ActiveCfg = Release|Any CPU
		{99A5F497-EB7F-48EC-8D01-D6FBC17BFEFC}.Release|x64.Build.0 = Release|Any CPU
		{99A5F497-EB7F-48EC-8D01-D6FBC17BFEFC}.Release|x86.ActiveCfg = Release|Any CPU
		{99A5F497-EB7F-48EC-8D01-D6FBC17BFEFC}.Release|x86.Build.0 = Release|Any CPU
		{6A4B0698-68AE-4979-8984-439F1CBB1C67}.Debug|Any CPU.ActiveCfg = Debug|Any CPU
		{6A4B0698-68AE-4979-8984-439F1CBB1C67}.Debug|Any CPU.Build.0 = Debug|Any CPU
		{6A4B0698-68AE-4979-8984-439F1CBB1C67}.Debug|x64.ActiveCfg = Debug|Any CPU
		{6A4B0698-68AE-4979-8984-439F1CBB1C67}.Debug|x64.Build.0 = Debug|Any CPU
		{6A4B0698-68AE-4979-8984-439F1CBB1C67}.Debug|x86.ActiveCfg = Debug|Any CPU
		{6A4B0698-68AE-4979-8984-439F1CBB1C67}.Debug|x86.Build.0 = Debug|Any CPU
		{6A4B0698-68AE-4979-8984-439F1CBB1C67}.Release|Any CPU.ActiveCfg = Release|Any CPU
		{6A4B0698-68AE-4979-8984-439F1CBB1C67}.Release|Any CPU.Build.0 = Release|Any CPU
		{6A4B0698-68AE-4979-8984-439F1CBB1C67}.Release|x64.ActiveCfg = Release|Any CPU
		{6A4B0698-68AE-4979-8984-439F1CBB1C67}.Release|x64.Build.0 = Release|Any CPU
		{6A4B0698-68AE-4979-8984-439F1CBB1C67}.Release|x86.ActiveCfg = Release|Any CPU
		{6A4B0698-68AE-4979-8984-439F1CBB1C67}.Release|x86.Build.0 = Release|Any CPU
		{52F5138A-83C0-4E83-9E3C-E99527D82F6E}.Debug|Any CPU.ActiveCfg = Debug|Any CPU
		{52F5138A-83C0-4E83-9E3C-E99527D82F6E}.Debug|Any CPU.Build.0 = Debug|Any CPU
		{52F5138A-83C0-4E83-9E3C-E99527D82F6E}.Debug|x64.ActiveCfg = Debug|Any CPU
		{52F5138A-83C0-4E83-9E3C-E99527D82F6E}.Debug|x64.Build.0 = Debug|Any CPU
		{52F5138A-83C0-4E83-9E3C-E99527D82F6E}.Debug|x86.ActiveCfg = Debug|Any CPU
		{52F5138A-83C0-4E83-9E3C-E99527D82F6E}.Debug|x86.Build.0 = Debug|Any CPU
		{52F5138A-83C0-4E83-9E3C-E99527D82F6E}.Release|Any CPU.ActiveCfg = Release|Any CPU
		{52F5138A-83C0-4E83-9E3C-E99527D82F6E}.Release|Any CPU.Build.0 = Release|Any CPU
		{52F5138A-83C0-4E83-9E3C-E99527D82F6E}.Release|x64.ActiveCfg = Release|Any CPU
		{52F5138A-83C0-4E83-9E3C-E99527D82F6E}.Release|x64.Build.0 = Release|Any CPU
		{52F5138A-83C0-4E83-9E3C-E99527D82F6E}.Release|x86.ActiveCfg = Release|Any CPU
		{52F5138A-83C0-4E83-9E3C-E99527D82F6E}.Release|x86.Build.0 = Release|Any CPU
		{874FDFE5-CD35-4962-92CC-191E321BC17A}.Debug|Any CPU.ActiveCfg = Debug|Any CPU
		{874FDFE5-CD35-4962-92CC-191E321BC17A}.Debug|Any CPU.Build.0 = Debug|Any CPU
		{874FDFE5-CD35-4962-92CC-191E321BC17A}.Debug|x64.ActiveCfg = Debug|Any CPU
		{874FDFE5-CD35-4962-92CC-191E321BC17A}.Debug|x64.Build.0 = Debug|Any CPU
		{874FDFE5-CD35-4962-92CC-191E321BC17A}.Debug|x86.ActiveCfg = Debug|Any CPU
		{874FDFE5-CD35-4962-92CC-191E321BC17A}.Debug|x86.Build.0 = Debug|Any CPU
		{874FDFE5-CD35-4962-92CC-191E321BC17A}.Release|Any CPU.ActiveCfg = Release|Any CPU
		{874FDFE5-CD35-4962-92CC-191E321BC17A}.Release|Any CPU.Build.0 = Release|Any CPU
		{874FDFE5-CD35-4962-92CC-191E321BC17A}.Release|x64.ActiveCfg = Release|Any CPU
		{874FDFE5-CD35-4962-92CC-191E321BC17A}.Release|x64.Build.0 = Release|Any CPU
		{874FDFE5-CD35-4962-92CC-191E321BC17A}.Release|x86.ActiveCfg = Release|Any CPU
		{874FDFE5-CD35-4962-92CC-191E321BC17A}.Release|x86.Build.0 = Release|Any CPU
		{B134B345-FD78-4E85-9953-B54ADC684916}.Debug|Any CPU.ActiveCfg = Debug|Any CPU
		{B134B345-FD78-4E85-9953-B54ADC684916}.Debug|Any CPU.Build.0 = Debug|Any CPU
		{B134B345-FD78-4E85-9953-B54ADC684916}.Debug|x64.ActiveCfg = Debug|Any CPU
		{B134B345-FD78-4E85-9953-B54ADC684916}.Debug|x64.Build.0 = Debug|Any CPU
		{B134B345-FD78-4E85-9953-B54ADC684916}.Debug|x86.ActiveCfg = Debug|Any CPU
		{B134B345-FD78-4E85-9953-B54ADC684916}.Debug|x86.Build.0 = Debug|Any CPU
		{B134B345-FD78-4E85-9953-B54ADC684916}.Release|Any CPU.ActiveCfg = Release|Any CPU
		{B134B345-FD78-4E85-9953-B54ADC684916}.Release|Any CPU.Build.0 = Release|Any CPU
		{B134B345-FD78-4E85-9953-B54ADC684916}.Release|x64.ActiveCfg = Release|Any CPU
		{B134B345-FD78-4E85-9953-B54ADC684916}.Release|x64.Build.0 = Release|Any CPU
		{B134B345-FD78-4E85-9953-B54ADC684916}.Release|x86.ActiveCfg = Release|Any CPU
		{B134B345-FD78-4E85-9953-B54ADC684916}.Release|x86.Build.0 = Release|Any CPU
		{D61BFE7F-8C17-4B1D-9A55-EC02CC983C43}.Debug|Any CPU.ActiveCfg = Debug|Any CPU
		{D61BFE7F-8C17-4B1D-9A55-EC02CC983C43}.Debug|Any CPU.Build.0 = Debug|Any CPU
		{D61BFE7F-8C17-4B1D-9A55-EC02CC983C43}.Debug|x64.ActiveCfg = Debug|Any CPU
		{D61BFE7F-8C17-4B1D-9A55-EC02CC983C43}.Debug|x64.Build.0 = Debug|Any CPU
		{D61BFE7F-8C17-4B1D-9A55-EC02CC983C43}.Debug|x86.ActiveCfg = Debug|Any CPU
		{D61BFE7F-8C17-4B1D-9A55-EC02CC983C43}.Debug|x86.Build.0 = Debug|Any CPU
		{D61BFE7F-8C17-4B1D-9A55-EC02CC983C43}.Release|Any CPU.ActiveCfg = Release|Any CPU
		{D61BFE7F-8C17-4B1D-9A55-EC02CC983C43}.Release|Any CPU.Build.0 = Release|Any CPU
		{D61BFE7F-8C17-4B1D-9A55-EC02CC983C43}.Release|x64.ActiveCfg = Release|Any CPU
		{D61BFE7F-8C17-4B1D-9A55-EC02CC983C43}.Release|x64.Build.0 = Release|Any CPU
		{D61BFE7F-8C17-4B1D-9A55-EC02CC983C43}.Release|x86.ActiveCfg = Release|Any CPU
		{D61BFE7F-8C17-4B1D-9A55-EC02CC983C43}.Release|x86.Build.0 = Release|Any CPU
		{6DAC63A9-7858-4176-B52D-2923760CE8E7}.Debug|Any CPU.ActiveCfg = Debug|Any CPU
		{6DAC63A9-7858-4176-B52D-2923760CE8E7}.Debug|Any CPU.Build.0 = Debug|Any CPU
		{6DAC63A9-7858-4176-B52D-2923760CE8E7}.Debug|x64.ActiveCfg = Debug|Any CPU
		{6DAC63A9-7858-4176-B52D-2923760CE8E7}.Debug|x64.Build.0 = Debug|Any CPU
		{6DAC63A9-7858-4176-B52D-2923760CE8E7}.Debug|x86.ActiveCfg = Debug|Any CPU
		{6DAC63A9-7858-4176-B52D-2923760CE8E7}.Debug|x86.Build.0 = Debug|Any CPU
		{6DAC63A9-7858-4176-B52D-2923760CE8E7}.Release|Any CPU.ActiveCfg = Release|Any CPU
		{6DAC63A9-7858-4176-B52D-2923760CE8E7}.Release|Any CPU.Build.0 = Release|Any CPU
		{6DAC63A9-7858-4176-B52D-2923760CE8E7}.Release|x64.ActiveCfg = Release|Any CPU
		{6DAC63A9-7858-4176-B52D-2923760CE8E7}.Release|x64.Build.0 = Release|Any CPU
		{6DAC63A9-7858-4176-B52D-2923760CE8E7}.Release|x86.ActiveCfg = Release|Any CPU
		{6DAC63A9-7858-4176-B52D-2923760CE8E7}.Release|x86.Build.0 = Release|Any CPU
		{C4CFB0C7-A9B6-4719-BAF2-494519718469}.Debug|Any CPU.ActiveCfg = Debug|Any CPU
		{C4CFB0C7-A9B6-4719-BAF2-494519718469}.Debug|Any CPU.Build.0 = Debug|Any CPU
		{C4CFB0C7-A9B6-4719-BAF2-494519718469}.Debug|x64.ActiveCfg = Debug|Any CPU
		{C4CFB0C7-A9B6-4719-BAF2-494519718469}.Debug|x64.Build.0 = Debug|Any CPU
		{C4CFB0C7-A9B6-4719-BAF2-494519718469}.Debug|x86.ActiveCfg = Debug|Any CPU
		{C4CFB0C7-A9B6-4719-BAF2-494519718469}.Debug|x86.Build.0 = Debug|Any CPU
		{C4CFB0C7-A9B6-4719-BAF2-494519718469}.Release|Any CPU.ActiveCfg = Release|Any CPU
		{C4CFB0C7-A9B6-4719-BAF2-494519718469}.Release|Any CPU.Build.0 = Release|Any CPU
		{C4CFB0C7-A9B6-4719-BAF2-494519718469}.Release|x64.ActiveCfg = Release|Any CPU
		{C4CFB0C7-A9B6-4719-BAF2-494519718469}.Release|x64.Build.0 = Release|Any CPU
		{C4CFB0C7-A9B6-4719-BAF2-494519718469}.Release|x86.ActiveCfg = Release|Any CPU
		{C4CFB0C7-A9B6-4719-BAF2-494519718469}.Release|x86.Build.0 = Release|Any CPU
		{8F4EDAC1-EFEB-41E2-9A6A-3ABDA29D0E06}.Debug|Any CPU.ActiveCfg = Debug|Any CPU
		{8F4EDAC1-EFEB-41E2-9A6A-3ABDA29D0E06}.Debug|Any CPU.Build.0 = Debug|Any CPU
		{8F4EDAC1-EFEB-41E2-9A6A-3ABDA29D0E06}.Debug|x64.ActiveCfg = Debug|Any CPU
		{8F4EDAC1-EFEB-41E2-9A6A-3ABDA29D0E06}.Debug|x64.Build.0 = Debug|Any CPU
		{8F4EDAC1-EFEB-41E2-9A6A-3ABDA29D0E06}.Debug|x86.ActiveCfg = Debug|Any CPU
		{8F4EDAC1-EFEB-41E2-9A6A-3ABDA29D0E06}.Debug|x86.Build.0 = Debug|Any CPU
		{8F4EDAC1-EFEB-41E2-9A6A-3ABDA29D0E06}.Release|Any CPU.ActiveCfg = Release|Any CPU
		{8F4EDAC1-EFEB-41E2-9A6A-3ABDA29D0E06}.Release|Any CPU.Build.0 = Release|Any CPU
		{8F4EDAC1-EFEB-41E2-9A6A-3ABDA29D0E06}.Release|x64.ActiveCfg = Release|Any CPU
		{8F4EDAC1-EFEB-41E2-9A6A-3ABDA29D0E06}.Release|x64.Build.0 = Release|Any CPU
		{8F4EDAC1-EFEB-41E2-9A6A-3ABDA29D0E06}.Release|x86.ActiveCfg = Release|Any CPU
		{8F4EDAC1-EFEB-41E2-9A6A-3ABDA29D0E06}.Release|x86.Build.0 = Release|Any CPU
	EndGlobalSection
	GlobalSection(SolutionProperties) = preSolution
		HideSolutionNode = FALSE
	EndGlobalSection
	GlobalSection(NestedProjects) = preSolution
		{979C33F9-BCEC-4B6C-9A53-3C89A2EEC01E} = {0D47978E-2E5A-4178-BB7C-78BC71A41847}
		{B134B345-FD78-4E85-9953-B54ADC684916} = {9FD9343C-A8A7-4602-8287-5DC34E5005D8}
		{C4CFB0C7-A9B6-4719-BAF2-494519718469} = {9FD9343C-A8A7-4602-8287-5DC34E5005D8}
		{8F4EDAC1-EFEB-41E2-9A6A-3ABDA29D0E06} = {9FD9343C-A8A7-4602-8287-5DC34E5005D8}
	EndGlobalSection
	GlobalSection(ExtensibilityGlobals) = postSolution
		SolutionGuid = {5500CE82-BB84-49C3-B334-C59F2488C79C}
	EndGlobalSection
EndGlobal
